
Microsoft Visual Studio Solution File, Format Version 12.00
# Visual Studio Version 16
VisualStudioVersion = 16.0.30413.136
MinimumVisualStudioVersion = 10.0.40219.1
Project("{FAE04EC0-301F-11D3-BF4B-00C04F79EFBC}") = "02_Matrix", "02_Matrix\02_Matrix.csproj", "{5D9B00AA-E759-42B3-A605-CF285F9C9701}"
EndProject
Project("{FAE04EC0-301F-11D3-BF4B-00C04F79EFBC}") = "02_String", "02_String\02_String.csproj", "{196EA497-31E0-437B-A679-7A85268C8CBB}"
EndProject
Project("{FAE04EC0-301F-11D3-BF4B-00C04F79EFBC}") = "02_Tasks", "02_Tasks\02_Tasks.csproj", "{5A6718BA-C9F8-4489-9572-73F95641F01B}"
EndProject
Project("{FAE04EC0-301F-11D3-BF4B-00C04F79EFBC}") = "01_CsharpStart", "01_CsharpStart\01_CsharpStart.csproj", "{01DD3870-FEB3-4C40-A84B-F0543D61FEC1}"
EndProject
Project("{FAE04EC0-301F-11D3-BF4B-00C04F79EFBC}") = "02_ArrayAndMethods", "02_ArrayAndMethods\02_ArrayAndMethods.csproj", "{2F1E8FCF-51F3-4F09-B1B9-E0995C5821A0}"
EndProject
Project("{FAE04EC0-301F-11D3-BF4B-00C04F79EFBC}") = "02_StringBuilder", "02_StringBuilder\02_StringBuilder.csproj", "{78931F84-AA26-4420-93F1-DBF1ED49709E}"
EndProject
Project("{FAE04EC0-301F-11D3-BF4B-00C04F79EFBC}") = "02_z-Homework", "02_z-Homework\02_z-Homework.csproj", "{F707627A-C6F5-44E4-8CB8-99F87C3CD459}"
EndProject
Project("{FAE04EC0-301F-11D3-BF4B-00C04F79EFBC}") = "01_z-Homework", "01_z-Homework\01_z-Homework.csproj", "{900122C1-E4D8-439E-A588-BD29D06D4F5D}"
EndProject
Project("{FAE04EC0-301F-11D3-BF4B-00C04F79EFBC}") = "03_Classes", "03_Classes\03_Classes.csproj", "{1AF48EB4-3602-4C89-8934-021EB2050F56}"
EndProject
Project("{FAE04EC0-301F-11D3-BF4B-00C04F79EFBC}") = "03_Tasks", "03_Tasks\03_Tasks.csproj", "{107F59D6-C315-413D-8F7D-0AC6BFB8B6A6}"
EndProject
Project("{FAE04EC0-301F-11D3-BF4B-00C04F79EFBC}") = "03_z-Homework", "03_z-Homework\03_z-Homework.csproj", "{55383FCF-8D0E-4683-9C86-A42C65F6DA28}"
EndProject
Project("{FAE04EC0-301F-11D3-BF4B-00C04F79EFBC}") = "03_Overload", "03_Overload\03_Overload.csproj", "{A67FDA37-65CD-47FA-9D08-9FD45E13C594}"
EndProject
Project("{FAE04EC0-301F-11D3-BF4B-00C04F79EFBC}") = "04_Indexers", "04_Indexers\04_Indexers.csproj", "{65BA19A2-5D98-44E1-969D-81CF5B18424D}"
EndProject
Project("{FAE04EC0-301F-11D3-BF4B-00C04F79EFBC}") = "04_Tasks", "04_Tasks\04_Tasks.csproj", "{4890B2DB-576D-4EAF-B4AC-04B4D772F03E}"
EndProject
Project("{FAE04EC0-301F-11D3-BF4B-00C04F79EFBC}") = "04_Inheritance", "04_Inheritance\04_Inheritance.csproj", "{F67DB0A6-A48D-4DA9-B7BE-0933EB2E7364}"
EndProject
Project("{FAE04EC0-301F-11D3-BF4B-00C04F79EFBC}") = "04_z-Homework", "04_z-Homework\04_z-Homework.csproj", "{0D482C8B-FB74-4720-B67A-A917243140A3}"
EndProject
Project("{FAE04EC0-301F-11D3-BF4B-00C04F79EFBC}") = "04_z-Lab_3", "04_z-Lab_3\04_z-Lab_3.csproj", "{9D5EE223-45CD-44FD-B593-6F0903A2D5E6}"
EndProject
Project("{FAE04EC0-301F-11D3-BF4B-00C04F79EFBC}") = "05_Tasks", "05_Tasks\05_Tasks.csproj", "{EC13C0E2-FED0-43B3-9D38-38C212D5340E}"
EndProject
Project("{FAE04EC0-301F-11D3-BF4B-00C04F79EFBC}") = "05_FootballTeam", "05_FootballTeam\05_FootballTeam.csproj", "{54E39CC2-6AF2-4AA3-B003-7DD22989D43A}"
EndProject
Project("{FAE04EC0-301F-11D3-BF4B-00C04F79EFBC}") = "05_IClonable", "05_IClonable\05_IClonable.csproj", "{C3A924ED-E3A9-4B39-A8FA-72DB2E6DFFC2}"
EndProject
Project("{FAE04EC0-301F-11D3-BF4B-00C04F79EFBC}") = "05_Interface_ref", "05_Interface_ref\05_Interface_ref.csproj", "{9AD553EB-A0E3-4F3F-8D43-F82743DDCDFC}"
EndProject
Project("{FAE04EC0-301F-11D3-BF4B-00C04F79EFBC}") = "05_Interface_props", "05_Interface_props\05_Interface_props.csproj", "{45AA6F5A-D004-4B0C-9DC3-B356064BA7C8}"
EndProject
Project("{FAE04EC0-301F-11D3-BF4B-00C04F79EFBC}") = "05_z-HomeConstruction", "05_z-HomeConstruction\05_z-HomeConstruction.csproj", "{B20F1684-3448-4D6F-B904-391D2B7ADDE5}"
EndProject
Project("{FAE04EC0-301F-11D3-BF4B-00C04F79EFBC}") = "06_Tasks", "06_Tasks\06_Tasks.csproj", "{E06F1456-217A-4BC5-9494-1F89CBE87397}"
EndProject
Project("{FAE04EC0-301F-11D3-BF4B-00C04F79EFBC}") = "06_Delegates", "06_Delegates\06_Delegates.csproj", "{D307B876-2DB1-4F85-BAAC-3B7C28D05DCF}"
EndProject
Project("{FAE04EC0-301F-11D3-BF4B-00C04F79EFBC}") = "06_EventTask", "06_EventTask\06_EventTask.csproj", "{E7E1DD7B-F381-44FF-A398-23BDBE04C2DA}"
EndProject
Project("{FAE04EC0-301F-11D3-BF4B-00C04F79EFBC}") = "06_z-CarRacing", "07_z-CarRacing\06_z-CarRacing.csproj", "{F4E8A740-A1D3-4B7C-A329-B25916D99303}"
EndProject
Project("{FAE04EC0-301F-11D3-BF4B-00C04F79EFBC}") = "06_z-Homework", "07_z-Homework\06_z-Homework.csproj", "{18B6AAA5-1CAB-4D91-AE45-5D74438770BF}"
EndProject
Project("{FAE04EC0-301F-11D3-BF4B-00C04F79EFBC}") = "07_Tasks", "07_Tasks\07_Tasks.csproj", "{6DAC2C0B-5721-480E-A64D-E13E2AB9C515}"
EndProject
Project("{FAE04EC0-301F-11D3-BF4B-00C04F79EFBC}") = "07_z-Statistic", "07_z-Statistic\07_z-Statistic.csproj", "{A12DA0E6-3099-446B-9471-B68D7D726493}"
EndProject
Project("{FAE04EC0-301F-11D3-BF4B-00C04F79EFBC}") = "08_Tasks", "08_Tasks\08_Tasks.csproj", "{9C9F5DFB-756E-4FEE-AC2B-2BCEFCF3B497}"
EndProject
Project("{FAE04EC0-301F-11D3-BF4B-00C04F79EFBC}") = "1_FileManager", "1_FileManager\1_FileManager.csproj", "{4FA7A5FD-F17B-40BC-BD29-811EFDA07BD3}"
EndProject
Project("{FAE04EC0-301F-11D3-BF4B-00C04F79EFBC}") = "09_Tasks", "09_Tasks\09_Tasks.csproj", "{B6E11621-E17D-4136-B88D-345997CB4B1F}"
EndProject
Project("{FAE04EC0-301F-11D3-BF4B-00C04F79EFBC}") = "09_z-Homework", "09_z-Homework\09_z-Homework.csproj", "{B225160F-22B3-4865-8F33-E81730DA4D4B}"
EndProject
Project("{FAE04EC0-301F-11D3-BF4B-00C04F79EFBC}") = "1_Tasks", "1_Tasks\1_Tasks.csproj", "{6E54B78D-0613-40D1-A1CE-D09C1BBA5BA8}"
EndProject
Project("{FAE04EC0-301F-11D3-BF4B-00C04F79EFBC}") = "11_z-Homework", "11_z-Homework\11_z-Homework.csproj", "{1816764C-ADDA-4CB4-845B-7CB15CD5B090}"
EndProject
Global
	GlobalSection(SolutionConfigurationPlatforms) = preSolution
		Debug|Any CPU = Debug|Any CPU
		Release|Any CPU = Release|Any CPU
	EndGlobalSection
	GlobalSection(ProjectConfigurationPlatforms) = postSolution
		{5D9B00AA-E759-42B3-A605-CF285F9C9701}.Debug|Any CPU.ActiveCfg = Debug|Any CPU
		{5D9B00AA-E759-42B3-A605-CF285F9C9701}.Debug|Any CPU.Build.0 = Debug|Any CPU
		{5D9B00AA-E759-42B3-A605-CF285F9C9701}.Release|Any CPU.ActiveCfg = Release|Any CPU
		{5D9B00AA-E759-42B3-A605-CF285F9C9701}.Release|Any CPU.Build.0 = Release|Any CPU
		{196EA497-31E0-437B-A679-7A85268C8CBB}.Debug|Any CPU.ActiveCfg = Debug|Any CPU
		{196EA497-31E0-437B-A679-7A85268C8CBB}.Debug|Any CPU.Build.0 = Debug|Any CPU
		{196EA497-31E0-437B-A679-7A85268C8CBB}.Release|Any CPU.ActiveCfg = Release|Any CPU
		{196EA497-31E0-437B-A679-7A85268C8CBB}.Release|Any CPU.Build.0 = Release|Any CPU
		{5A6718BA-C9F8-4489-9572-73F95641F01B}.Debug|Any CPU.ActiveCfg = Debug|Any CPU
		{5A6718BA-C9F8-4489-9572-73F95641F01B}.Debug|Any CPU.Build.0 = Debug|Any CPU
		{5A6718BA-C9F8-4489-9572-73F95641F01B}.Release|Any CPU.ActiveCfg = Release|Any CPU
		{5A6718BA-C9F8-4489-9572-73F95641F01B}.Release|Any CPU.Build.0 = Release|Any CPU
		{01DD3870-FEB3-4C40-A84B-F0543D61FEC1}.Debug|Any CPU.ActiveCfg = Debug|Any CPU
		{01DD3870-FEB3-4C40-A84B-F0543D61FEC1}.Debug|Any CPU.Build.0 = Debug|Any CPU
		{01DD3870-FEB3-4C40-A84B-F0543D61FEC1}.Release|Any CPU.ActiveCfg = Release|Any CPU
		{01DD3870-FEB3-4C40-A84B-F0543D61FEC1}.Release|Any CPU.Build.0 = Release|Any CPU
		{2F1E8FCF-51F3-4F09-B1B9-E0995C5821A0}.Debug|Any CPU.ActiveCfg = Debug|Any CPU
		{2F1E8FCF-51F3-4F09-B1B9-E0995C5821A0}.Debug|Any CPU.Build.0 = Debug|Any CPU
		{2F1E8FCF-51F3-4F09-B1B9-E0995C5821A0}.Release|Any CPU.ActiveCfg = Release|Any CPU
		{2F1E8FCF-51F3-4F09-B1B9-E0995C5821A0}.Release|Any CPU.Build.0 = Release|Any CPU
		{78931F84-AA26-4420-93F1-DBF1ED49709E}.Debug|Any CPU.ActiveCfg = Debug|Any CPU
		{78931F84-AA26-4420-93F1-DBF1ED49709E}.Debug|Any CPU.Build.0 = Debug|Any CPU
		{78931F84-AA26-4420-93F1-DBF1ED49709E}.Release|Any CPU.ActiveCfg = Release|Any CPU
		{78931F84-AA26-4420-93F1-DBF1ED49709E}.Release|Any CPU.Build.0 = Release|Any CPU
		{F707627A-C6F5-44E4-8CB8-99F87C3CD459}.Debug|Any CPU.ActiveCfg = Debug|Any CPU
		{F707627A-C6F5-44E4-8CB8-99F87C3CD459}.Debug|Any CPU.Build.0 = Debug|Any CPU
		{F707627A-C6F5-44E4-8CB8-99F87C3CD459}.Release|Any CPU.ActiveCfg = Release|Any CPU
		{F707627A-C6F5-44E4-8CB8-99F87C3CD459}.Release|Any CPU.Build.0 = Release|Any CPU
		{900122C1-E4D8-439E-A588-BD29D06D4F5D}.Debug|Any CPU.ActiveCfg = Debug|Any CPU
		{900122C1-E4D8-439E-A588-BD29D06D4F5D}.Debug|Any CPU.Build.0 = Debug|Any CPU
		{900122C1-E4D8-439E-A588-BD29D06D4F5D}.Release|Any CPU.ActiveCfg = Release|Any CPU
		{900122C1-E4D8-439E-A588-BD29D06D4F5D}.Release|Any CPU.Build.0 = Release|Any CPU
		{1AF48EB4-3602-4C89-8934-021EB2050F56}.Debug|Any CPU.ActiveCfg = Debug|Any CPU
		{1AF48EB4-3602-4C89-8934-021EB2050F56}.Debug|Any CPU.Build.0 = Debug|Any CPU
		{1AF48EB4-3602-4C89-8934-021EB2050F56}.Release|Any CPU.ActiveCfg = Release|Any CPU
		{1AF48EB4-3602-4C89-8934-021EB2050F56}.Release|Any CPU.Build.0 = Release|Any CPU
		{107F59D6-C315-413D-8F7D-0AC6BFB8B6A6}.Debug|Any CPU.ActiveCfg = Debug|Any CPU
		{107F59D6-C315-413D-8F7D-0AC6BFB8B6A6}.Debug|Any CPU.Build.0 = Debug|Any CPU
		{107F59D6-C315-413D-8F7D-0AC6BFB8B6A6}.Release|Any CPU.ActiveCfg = Release|Any CPU
		{107F59D6-C315-413D-8F7D-0AC6BFB8B6A6}.Release|Any CPU.Build.0 = Release|Any CPU
		{55383FCF-8D0E-4683-9C86-A42C65F6DA28}.Debug|Any CPU.ActiveCfg = Debug|Any CPU
		{55383FCF-8D0E-4683-9C86-A42C65F6DA28}.Debug|Any CPU.Build.0 = Debug|Any CPU
		{55383FCF-8D0E-4683-9C86-A42C65F6DA28}.Release|Any CPU.ActiveCfg = Release|Any CPU
		{55383FCF-8D0E-4683-9C86-A42C65F6DA28}.Release|Any CPU.Build.0 = Release|Any CPU
		{A67FDA37-65CD-47FA-9D08-9FD45E13C594}.Debug|Any CPU.ActiveCfg = Debug|Any CPU
		{A67FDA37-65CD-47FA-9D08-9FD45E13C594}.Debug|Any CPU.Build.0 = Debug|Any CPU
		{A67FDA37-65CD-47FA-9D08-9FD45E13C594}.Release|Any CPU.ActiveCfg = Release|Any CPU
		{A67FDA37-65CD-47FA-9D08-9FD45E13C594}.Release|Any CPU.Build.0 = Release|Any CPU
		{65BA19A2-5D98-44E1-969D-81CF5B18424D}.Debug|Any CPU.ActiveCfg = Debug|Any CPU
		{65BA19A2-5D98-44E1-969D-81CF5B18424D}.Debug|Any CPU.Build.0 = Debug|Any CPU
		{65BA19A2-5D98-44E1-969D-81CF5B18424D}.Release|Any CPU.ActiveCfg = Release|Any CPU
		{65BA19A2-5D98-44E1-969D-81CF5B18424D}.Release|Any CPU.Build.0 = Release|Any CPU
		{4890B2DB-576D-4EAF-B4AC-04B4D772F03E}.Debug|Any CPU.ActiveCfg = Debug|Any CPU
		{4890B2DB-576D-4EAF-B4AC-04B4D772F03E}.Debug|Any CPU.Build.0 = Debug|Any CPU
		{4890B2DB-576D-4EAF-B4AC-04B4D772F03E}.Release|Any CPU.ActiveCfg = Release|Any CPU
		{4890B2DB-576D-4EAF-B4AC-04B4D772F03E}.Release|Any CPU.Build.0 = Release|Any CPU
		{F67DB0A6-A48D-4DA9-B7BE-0933EB2E7364}.Debug|Any CPU.ActiveCfg = Debug|Any CPU
		{F67DB0A6-A48D-4DA9-B7BE-0933EB2E7364}.Debug|Any CPU.Build.0 = Debug|Any CPU
		{F67DB0A6-A48D-4DA9-B7BE-0933EB2E7364}.Release|Any CPU.ActiveCfg = Release|Any CPU
		{F67DB0A6-A48D-4DA9-B7BE-0933EB2E7364}.Release|Any CPU.Build.0 = Release|Any CPU
		{0D482C8B-FB74-4720-B67A-A917243140A3}.Debug|Any CPU.ActiveCfg = Debug|Any CPU
		{0D482C8B-FB74-4720-B67A-A917243140A3}.Debug|Any CPU.Build.0 = Debug|Any CPU
		{0D482C8B-FB74-4720-B67A-A917243140A3}.Release|Any CPU.ActiveCfg = Release|Any CPU
		{0D482C8B-FB74-4720-B67A-A917243140A3}.Release|Any CPU.Build.0 = Release|Any CPU
		{9D5EE223-45CD-44FD-B593-6F0903A2D5E6}.Debug|Any CPU.ActiveCfg = Debug|Any CPU
		{9D5EE223-45CD-44FD-B593-6F0903A2D5E6}.Debug|Any CPU.Build.0 = Debug|Any CPU
		{9D5EE223-45CD-44FD-B593-6F0903A2D5E6}.Release|Any CPU.ActiveCfg = Release|Any CPU
		{9D5EE223-45CD-44FD-B593-6F0903A2D5E6}.Release|Any CPU.Build.0 = Release|Any CPU
		{EC13C0E2-FED0-43B3-9D38-38C212D5340E}.Debug|Any CPU.ActiveCfg = Debug|Any CPU
		{EC13C0E2-FED0-43B3-9D38-38C212D5340E}.Debug|Any CPU.Build.0 = Debug|Any CPU
		{EC13C0E2-FED0-43B3-9D38-38C212D5340E}.Release|Any CPU.ActiveCfg = Release|Any CPU
		{EC13C0E2-FED0-43B3-9D38-38C212D5340E}.Release|Any CPU.Build.0 = Release|Any CPU
		{54E39CC2-6AF2-4AA3-B003-7DD22989D43A}.Debug|Any CPU.ActiveCfg = Debug|Any CPU
		{54E39CC2-6AF2-4AA3-B003-7DD22989D43A}.Debug|Any CPU.Build.0 = Debug|Any CPU
		{54E39CC2-6AF2-4AA3-B003-7DD22989D43A}.Release|Any CPU.ActiveCfg = Release|Any CPU
		{54E39CC2-6AF2-4AA3-B003-7DD22989D43A}.Release|Any CPU.Build.0 = Release|Any CPU
		{C3A924ED-E3A9-4B39-A8FA-72DB2E6DFFC2}.Debug|Any CPU.ActiveCfg = Debug|Any CPU
		{C3A924ED-E3A9-4B39-A8FA-72DB2E6DFFC2}.Debug|Any CPU.Build.0 = Debug|Any CPU
		{C3A924ED-E3A9-4B39-A8FA-72DB2E6DFFC2}.Release|Any CPU.ActiveCfg = Release|Any CPU
		{C3A924ED-E3A9-4B39-A8FA-72DB2E6DFFC2}.Release|Any CPU.Build.0 = Release|Any CPU
		{9AD553EB-A0E3-4F3F-8D43-F82743DDCDFC}.Debug|Any CPU.ActiveCfg = Debug|Any CPU
		{9AD553EB-A0E3-4F3F-8D43-F82743DDCDFC}.Debug|Any CPU.Build.0 = Debug|Any CPU
		{9AD553EB-A0E3-4F3F-8D43-F82743DDCDFC}.Release|Any CPU.ActiveCfg = Release|Any CPU
		{9AD553EB-A0E3-4F3F-8D43-F82743DDCDFC}.Release|Any CPU.Build.0 = Release|Any CPU
		{45AA6F5A-D004-4B0C-9DC3-B356064BA7C8}.Debug|Any CPU.ActiveCfg = Debug|Any CPU
		{45AA6F5A-D004-4B0C-9DC3-B356064BA7C8}.Debug|Any CPU.Build.0 = Debug|Any CPU
		{45AA6F5A-D004-4B0C-9DC3-B356064BA7C8}.Release|Any CPU.ActiveCfg = Release|Any CPU
		{45AA6F5A-D004-4B0C-9DC3-B356064BA7C8}.Release|Any CPU.Build.0 = Release|Any CPU
		{B20F1684-3448-4D6F-B904-391D2B7ADDE5}.Debug|Any CPU.ActiveCfg = Debug|Any CPU
		{B20F1684-3448-4D6F-B904-391D2B7ADDE5}.Debug|Any CPU.Build.0 = Debug|Any CPU
		{B20F1684-3448-4D6F-B904-391D2B7ADDE5}.Release|Any CPU.ActiveCfg = Release|Any CPU
		{B20F1684-3448-4D6F-B904-391D2B7ADDE5}.Release|Any CPU.Build.0 = Release|Any CPU
		{E06F1456-217A-4BC5-9494-1F89CBE87397}.Debug|Any CPU.ActiveCfg = Debug|Any CPU
		{E06F1456-217A-4BC5-9494-1F89CBE87397}.Debug|Any CPU.Build.0 = Debug|Any CPU
		{E06F1456-217A-4BC5-9494-1F89CBE87397}.Release|Any CPU.ActiveCfg = Release|Any CPU
		{E06F1456-217A-4BC5-9494-1F89CBE87397}.Release|Any CPU.Build.0 = Release|Any CPU
		{D307B876-2DB1-4F85-BAAC-3B7C28D05DCF}.Debug|Any CPU.ActiveCfg = Debug|Any CPU
		{D307B876-2DB1-4F85-BAAC-3B7C28D05DCF}.Debug|Any CPU.Build.0 = Debug|Any CPU
		{D307B876-2DB1-4F85-BAAC-3B7C28D05DCF}.Release|Any CPU.ActiveCfg = Release|Any CPU
		{D307B876-2DB1-4F85-BAAC-3B7C28D05DCF}.Release|Any CPU.Build.0 = Release|Any CPU
		{E7E1DD7B-F381-44FF-A398-23BDBE04C2DA}.Debug|Any CPU.ActiveCfg = Debug|Any CPU
		{E7E1DD7B-F381-44FF-A398-23BDBE04C2DA}.Debug|Any CPU.Build.0 = Debug|Any CPU
		{E7E1DD7B-F381-44FF-A398-23BDBE04C2DA}.Release|Any CPU.ActiveCfg = Release|Any CPU
		{E7E1DD7B-F381-44FF-A398-23BDBE04C2DA}.Release|Any CPU.Build.0 = Release|Any CPU
		{F4E8A740-A1D3-4B7C-A329-B25916D99303}.Debug|Any CPU.ActiveCfg = Debug|Any CPU
		{F4E8A740-A1D3-4B7C-A329-B25916D99303}.Debug|Any CPU.Build.0 = Debug|Any CPU
		{F4E8A740-A1D3-4B7C-A329-B25916D99303}.Release|Any CPU.ActiveCfg = Release|Any CPU
		{F4E8A740-A1D3-4B7C-A329-B25916D99303}.Release|Any CPU.Build.0 = Release|Any CPU
		{18B6AAA5-1CAB-4D91-AE45-5D74438770BF}.Debug|Any CPU.ActiveCfg = Debug|Any CPU
		{18B6AAA5-1CAB-4D91-AE45-5D74438770BF}.Debug|Any CPU.Build.0 = Debug|Any CPU
		{18B6AAA5-1CAB-4D91-AE45-5D74438770BF}.Release|Any CPU.ActiveCfg = Release|Any CPU
		{18B6AAA5-1CAB-4D91-AE45-5D74438770BF}.Release|Any CPU.Build.0 = Release|Any CPU
		{6DAC2C0B-5721-480E-A64D-E13E2AB9C515}.Debug|Any CPU.ActiveCfg = Debug|Any CPU
		{6DAC2C0B-5721-480E-A64D-E13E2AB9C515}.Debug|Any CPU.Build.0 = Debug|Any CPU
		{6DAC2C0B-5721-480E-A64D-E13E2AB9C515}.Release|Any CPU.ActiveCfg = Release|Any CPU
		{6DAC2C0B-5721-480E-A64D-E13E2AB9C515}.Release|Any CPU.Build.0 = Release|Any CPU
		{A12DA0E6-3099-446B-9471-B68D7D726493}.Debug|Any CPU.ActiveCfg = Debug|Any CPU
		{A12DA0E6-3099-446B-9471-B68D7D726493}.Debug|Any CPU.Build.0 = Debug|Any CPU
		{A12DA0E6-3099-446B-9471-B68D7D726493}.Release|Any CPU.ActiveCfg = Release|Any CPU
		{A12DA0E6-3099-446B-9471-B68D7D726493}.Release|Any CPU.Build.0 = Release|Any CPU
		{9C9F5DFB-756E-4FEE-AC2B-2BCEFCF3B497}.Debug|Any CPU.ActiveCfg = Debug|Any CPU
		{9C9F5DFB-756E-4FEE-AC2B-2BCEFCF3B497}.Debug|Any CPU.Build.0 = Debug|Any CPU
		{9C9F5DFB-756E-4FEE-AC2B-2BCEFCF3B497}.Release|Any CPU.ActiveCfg = Release|Any CPU
		{9C9F5DFB-756E-4FEE-AC2B-2BCEFCF3B497}.Release|Any CPU.Build.0 = Release|Any CPU
		{4FA7A5FD-F17B-40BC-BD29-811EFDA07BD3}.Debug|Any CPU.ActiveCfg = Debug|Any CPU
		{4FA7A5FD-F17B-40BC-BD29-811EFDA07BD3}.Debug|Any CPU.Build.0 = Debug|Any CPU
		{4FA7A5FD-F17B-40BC-BD29-811EFDA07BD3}.Release|Any CPU.ActiveCfg = Release|Any CPU
		{4FA7A5FD-F17B-40BC-BD29-811EFDA07BD3}.Release|Any CPU.Build.0 = Release|Any CPU
		{B6E11621-E17D-4136-B88D-345997CB4B1F}.Debug|Any CPU.ActiveCfg = Debug|Any CPU
		{B6E11621-E17D-4136-B88D-345997CB4B1F}.Debug|Any CPU.Build.0 = Debug|Any CPU
		{B6E11621-E17D-4136-B88D-345997CB4B1F}.Release|Any CPU.ActiveCfg = Release|Any CPU
		{B6E11621-E17D-4136-B88D-345997CB4B1F}.Release|Any CPU.Build.0 = Release|Any CPU
		{B225160F-22B3-4865-8F33-E81730DA4D4B}.Debug|Any CPU.ActiveCfg = Debug|Any CPU
		{B225160F-22B3-4865-8F33-E81730DA4D4B}.Debug|Any CPU.Build.0 = Debug|Any CPU
		{B225160F-22B3-4865-8F33-E81730DA4D4B}.Release|Any CPU.ActiveCfg = Release|Any CPU
		{B225160F-22B3-4865-8F33-E81730DA4D4B}.Release|Any CPU.Build.0 = Release|Any CPU
		{6E54B78D-0613-40D1-A1CE-D09C1BBA5BA8}.Debug|Any CPU.ActiveCfg = Debug|Any CPU
		{6E54B78D-0613-40D1-A1CE-D09C1BBA5BA8}.Debug|Any CPU.Build.0 = Debug|Any CPU
		{6E54B78D-0613-40D1-A1CE-D09C1BBA5BA8}.Release|Any CPU.ActiveCfg = Release|Any CPU
		{6E54B78D-0613-40D1-A1CE-D09C1BBA5BA8}.Release|Any CPU.Build.0 = Release|Any CPU
		{1816764C-ADDA-4CB4-845B-7CB15CD5B090}.Debug|Any CPU.ActiveCfg = Debug|Any CPU
		{1816764C-ADDA-4CB4-845B-7CB15CD5B090}.Debug|Any CPU.Build.0 = Debug|Any CPU
		{1816764C-ADDA-4CB4-845B-7CB15CD5B090}.Release|Any CPU.ActiveCfg = Release|Any CPU
		{1816764C-ADDA-4CB4-845B-7CB15CD5B090}.Release|Any CPU.Build.0 = Release|Any CPU
	EndGlobalSection
	GlobalSection(SolutionProperties) = preSolution
		HideSolutionNode = FALSE
	EndGlobalSection
	GlobalSection(ExtensibilityGlobals) = postSolution
		SolutionGuid = {C04A3ECA-1219-490E-A8C2-A09ABEF1B9B4}
	EndGlobalSection
EndGlobal
